<?xml version="1.0" encoding="utf-8"?>
<Project ToolsVersion="4.0" xmlns="http://schemas.microsoft.com/developer/msbuild/2003">
  <ItemGroup>
    <Filter Include="Math">
      <UniqueIdentifier>{4FC737F1-C7A5-4376-A066-2A32D752A2FF}</UniqueIdentifier>
      <Extensions>cpp;c;cc;cxx;def;odl;idl;hpj;bat;asm;asmx</Extensions>
    </Filter>
    <Filter Include="Renderer">
      <UniqueIdentifier>{ddb17eba-e15e-4597-8bf6-064b16b159d3}</UniqueIdentifier>
    </Filter>
    <Filter Include="Helpers">
      <UniqueIdentifier>{72056cb6-72a2-42b7-b05e-376f1ddd957e}</UniqueIdentifier>
    </Filter>
    <Filter Include="Geometry">
      <UniqueIdentifier>{c4876ad9-d7e6-4637-9f87-2a91b75ae1d3}</UniqueIdentifier>
    </Filter>
    <Filter Include="Camera">
      <UniqueIdentifier>{bb806adf-b065-4aaf-a673-eaac0047a624}</UniqueIdentifier>
    </Filter>
    <Filter Include="Scene">
      <UniqueIdentifier>{cac291df-e288-433f-a161-997b33d75afa}</UniqueIdentifier>
    </Filter>
    <Filter Include="Textures">
      <UniqueIdentifier>{be3d6c41-d760-4e15-a9d7-73b8e045e902}</UniqueIdentifier>
    </Filter>
    <Filter Include="Parsing">
      <UniqueIdentifier>{d7ef0dc4-cd8f-4deb-803f-c059d0c6221b}</UniqueIdentifier>
    </Filter>
    <Filter Include="Effect/Material">
      <UniqueIdentifier>{524d738d-64d1-4bb1-b418-17067d1bc1c0}</UniqueIdentifier>
    </Filter>
  </ItemGroup>
  <ItemGroup>
    <ClInclude Include="EMath.h">
      <Filter>Math</Filter>
    </ClInclude>
    <ClInclude Include="EMathUtilities.h">
      <Filter>Math</Filter>
    </ClInclude>
    <ClInclude Include="EMatrix.h">
      <Filter>Math</Filter>
    </ClInclude>
    <ClInclude Include="EMatrix2.h">
      <Filter>Math</Filter>
    </ClInclude>
    <ClInclude Include="EMatrix3.h">
      <Filter>Math</Filter>
    </ClInclude>
    <ClInclude Include="EMatrix4.h">
      <Filter>Math</Filter>
    </ClInclude>
    <ClInclude Include="EPoint.h">
      <Filter>Math</Filter>
    </ClInclude>
    <ClInclude Include="EPoint2.h">
      <Filter>Math</Filter>
    </ClInclude>
    <ClInclude Include="EPoint3.h">
      <Filter>Math</Filter>
    </ClInclude>
    <ClInclude Include="EPoint4.h">
      <Filter>Math</Filter>
    </ClInclude>
    <ClInclude Include="EVector.h">
      <Filter>Math</Filter>
    </ClInclude>
    <ClInclude Include="EVector2.h">
      <Filter>Math</Filter>
    </ClInclude>
    <ClInclude Include="EVector3.h">
      <Filter>Math</Filter>
    </ClInclude>
    <ClInclude Include="EVector4.h">
      <Filter>Math</Filter>
    </ClInclude>
    <ClInclude Include="EDirectxRenderer.h">
      <Filter>Renderer</Filter>
    </ClInclude>
    <ClInclude Include="ERGBColor.h">
      <Filter>Helpers</Filter>
    </ClInclude>
    <ClInclude Include="ETimer.h">
      <Filter>Helpers</Filter>
    </ClInclude>
    <ClInclude Include="pch.h" />
    <ClInclude Include="VehicleMaterial.h">
      <Filter>Effect/Material</Filter>
    </ClInclude>
    <ClInclude Include="Vertex.h">
      <Filter>Geometry</Filter>
    </ClInclude>
    <ClInclude Include="Mesh.h">
      <Filter>Geometry</Filter>
    </ClInclude>
    <ClInclude Include="ECamera.h">
      <Filter>Camera</Filter>
    </ClInclude>
    <ClInclude Include="SceneGraph.h">
      <Filter>Scene</Filter>
    </ClInclude>
    <ClInclude Include="SceneManager.h">
      <Filter>Scene</Filter>
    </ClInclude>
    <ClInclude Include="Singleton.h">
      <Filter>Scene</Filter>
    </ClInclude>
    <ClInclude Include="Texture.h">
      <Filter>Textures</Filter>
    </ClInclude>
    <ClInclude Include="EOBJParser.h">
      <Filter>Parsing</Filter>
    </ClInclude>
    <ClInclude Include="Material.h">
      <Filter>Effect/Material</Filter>
    </ClInclude>
    <ClInclude Include="ExhaustMaterial.h">
      <Filter>Effect/Material</Filter>
    </ClInclude>
    <ClInclude Include="BaseRenderer.h">
      <Filter>Renderer</Filter>
    </ClInclude>
    <ClInclude Include="SoftwareRenderer.h">
      <Filter>Renderer</Filter>
    </ClInclude>
    <ClInclude Include="MathHelper.h">
      <Filter>Helpers</Filter>
    </ClInclude>
    <ClInclude Include="Geometry.h">
      <Filter>Geometry</Filter>
    </ClInclude>
    <ClInclude Include="Triangle.h">
      <Filter>Geometry</Filter>
    </ClInclude>
    <ClInclude Include="TriangleMesh.h">
      <Filter>Geometry</Filter>
    </ClInclude>
    <ClInclude Include="TransformationHelper.h">
      <Filter>Helpers</Filter>
    </ClInclude>
  </ItemGroup>
  <ItemGroup>
    <ClCompile Include="EDirectxRenderer.cpp">
      <Filter>Renderer</Filter>
    </ClCompile>
    <ClCompile Include="main.cpp" />
    <ClCompile Include="ETimer.cpp">
      <Filter>Helpers</Filter>
    </ClCompile>
    <ClCompile Include="pch.cpp" />
    <ClCompile Include="VehicleMaterial.cpp">
      <Filter>Effect/Material</Filter>
    </ClCompile>
    <ClCompile Include="Mesh.cpp">
      <Filter>Geometry</Filter>
    </ClCompile>
    <ClCompile Include="ECamera.cpp">
      <Filter>Camera</Filter>
    </ClCompile>
    <ClCompile Include="SceneManager.cpp">
      <Filter>Scene</Filter>
    </ClCompile>
    <ClCompile Include="SceneGraph.cpp">
      <Filter>Scene</Filter>
    </ClCompile>
    <ClCompile Include="Texture.cpp">
      <Filter>Textures</Filter>
    </ClCompile>
    <ClCompile Include="Material.cpp">
      <Filter>Effect/Material</Filter>
    </ClCompile>
    <ClCompile Include="ExhaustMaterial.cpp">
      <Filter>Effect/Material</Filter>
    </ClCompile>
    <ClCompile Include="BaseRenderer.cpp">
      <Filter>Renderer</Filter>
    </ClCompile>
    <ClCompile Include="SoftwareRenderer.cpp">
      <Filter>Renderer</Filter>
    </ClCompile>
    <ClCompile Include="Geometry.cpp">
      <Filter>Geometry</Filter>
    </ClCompile>
    <ClCompile Include="Triangle.cpp">
      <Filter>Geometry</Filter>
    </ClCompile>
    <ClCompile Include="TriangleMesh.cpp">
      <Filter>Geometry</Filter>
    </ClCompile>
  </ItemGroup>
</Project>